Microsoft Visual Studio Solution File, Format Version 12.00
# Visual Studio Version 17
VisualStudioVersion = 17.5.2.0
MinimumVisualStudioVersion = 10.0.40219.1
Project("{FAE04EC0-301F-11D3-BF4B-00C04F79EFBC}") = "UnlimitedResources", "UnlimitedResources\UnlimitedResources.csproj", "{B11A110D-234C-2634-38B2-B692778CEB37}"
EndProject
Global
	GlobalSection(SolutionConfigurationPlatforms) = preSolution
		Debug|Any CPU = Debug|Any CPU
		Release|Any CPU = Release|Any CPU
	EndGlobalSection
	GlobalSection(ProjectConfigurationPlatforms) = postSolution
		{B11A110D-234C-2634-38B2-B692778CEB37}.Debug|Any CPU.ActiveCfg = Debug|Any CPU
		{B11A110D-234C-2634-38B2-B692778CEB37}.Debug|Any CPU.Build.0 = Debug|Any CPU
		{B11A110D-234C-2634-38B2-B692778CEB37}.Release|Any CPU.ActiveCfg = Release|Any CPU
		{B11A110D-234C-2634-38B2-B692778CEB37}.Release|Any CPU.Build.0 = Release|Any CPU
	EndGlobalSection
	GlobalSection(SolutionProperties) = preSolution
		HideSolutionNode = FALSE
	EndGlobalSection
	GlobalSection(ExtensibilityGlobals) = postSolution
		SolutionGuid = {790343D0-123D-4A37-A5B3-B21BBA3E81B1}
	EndGlobalSection
EndGlobal
